// !$*UTF8*$!
{
	archiveVersion = 1;
	classes = {
	};
	objectVersion = 48;
	objects = {

/* Begin PBXBuildFile section */
		370EDEFF20372ECC00A0E073 /* LoginVC.swift in Sources */ = {isa = PBXBuildFile; fileRef = 370EDEFE20372ECC00A0E073 /* LoginVC.swift */; };
		370EDF012037348700A0E073 /* SignUpVC.swift in Sources */ = {isa = PBXBuildFile; fileRef = 370EDF002037348700A0E073 /* SignUpVC.swift */; };
		37303576203DA4B000506C13 /* AuthService.swift in Sources */ = {isa = PBXBuildFile; fileRef = 37303575203DA4B000506C13 /* AuthService.swift */; };
		3765E7F220344FE000AE8E2B /* AppDelegate.swift in Sources */ = {isa = PBXBuildFile; fileRef = 3765E7F120344FE000AE8E2B /* AppDelegate.swift */; };
		3765E7F720344FE000AE8E2B /* Main.storyboard in Resources */ = {isa = PBXBuildFile; fileRef = 3765E7F520344FE000AE8E2B /* Main.storyboard */; };
		3765E7F920344FE000AE8E2B /* Assets.xcassets in Resources */ = {isa = PBXBuildFile; fileRef = 3765E7F820344FE000AE8E2B /* Assets.xcassets */; };
		3765E7FC20344FE000AE8E2B /* LaunchScreen.storyboard in Resources */ = {isa = PBXBuildFile; fileRef = 3765E7FA20344FE000AE8E2B /* LaunchScreen.storyboard */; };
		3791C051203EDCB40070311A /* RoundedButton.swift in Sources */ = {isa = PBXBuildFile; fileRef = 3791C050203EDCB40070311A /* RoundedButton.swift */; };
		37CB65972034518F00FA2F54 /* SWRevealViewController.m in Sources */ = {isa = PBXBuildFile; fileRef = 37CB65952034518F00FA2F54 /* SWRevealViewController.m */; };
		37CB659C20348F3D00FA2F54 /* ChatVC.swift in Sources */ = {isa = PBXBuildFile; fileRef = 37CB659B20348F3D00FA2F54 /* ChatVC.swift */; };
		37CB659E20348F6B00FA2F54 /* ChannelVC.swift in Sources */ = {isa = PBXBuildFile; fileRef = 37CB659D20348F6B00FA2F54 /* ChannelVC.swift */; };
		37CB65A02034D82D00FA2F54 /* GradientView.swift in Sources */ = {isa = PBXBuildFile; fileRef = 37CB659F2034D82D00FA2F54 /* GradientView.swift */; };
		37FE64DB2036E43D00EFD231 /* Constants.swift in Sources */ = {isa = PBXBuildFile; fileRef = 37FE64DA2036E43D00EFD231 /* Constants.swift */; };
		F25F1182965E67D2075E45A0 /* Pods_SlackChat.framework in Frameworks */ = {isa = PBXBuildFile; fileRef = 0CC3D57D28FBD7AD623125E9 /* Pods_SlackChat.framework */; };
/* End PBXBuildFile section */

/* Begin PBXFileReference section */
		0CC3D57D28FBD7AD623125E9 /* Pods_SlackChat.framework */ = {isa = PBXFileReference; explicitFileType = wrapper.framework; includeInIndex = 0; path = Pods_SlackChat.framework; sourceTree = BUILT_PRODUCTS_DIR; };
		25BB84025AE9C553A03E5183 /* Pods-SlackChat.debug.xcconfig */ = {isa = PBXFileReference; includeInIndex = 1; lastKnownFileType = text.xcconfig; name = "Pods-SlackChat.debug.xcconfig"; path = "Pods/Target Support Files/Pods-SlackChat/Pods-SlackChat.debug.xcconfig"; sourceTree = "<group>"; };
		370EDEFE20372ECC00A0E073 /* LoginVC.swift */ = {isa = PBXFileReference; lastKnownFileType = sourcecode.swift; path = LoginVC.swift; sourceTree = "<group>"; };
		370EDF002037348700A0E073 /* SignUpVC.swift */ = {isa = PBXFileReference; lastKnownFileType = sourcecode.swift; path = SignUpVC.swift; sourceTree = "<group>"; };
		37303575203DA4B000506C13 /* AuthService.swift */ = {isa = PBXFileReference; lastKnownFileType = sourcecode.swift; path = AuthService.swift; sourceTree = "<group>"; };
		3765E7EE20344FE000AE8E2B /* SlackChat.app */ = {isa = PBXFileReference; explicitFileType = wrapper.application; includeInIndex = 0; path = SlackChat.app; sourceTree = BUILT_PRODUCTS_DIR; };
		3765E7F120344FE000AE8E2B /* AppDelegate.swift */ = {isa = PBXFileReference; lastKnownFileType = sourcecode.swift; path = AppDelegate.swift; sourceTree = "<group>"; };
		3765E7F620344FE000AE8E2B /* Base */ = {isa = PBXFileReference; lastKnownFileType = file.storyboard; name = Base; path = Base.lproj/Main.storyboard; sourceTree = "<group>"; };
		3765E7F820344FE000AE8E2B /* Assets.xcassets */ = {isa = PBXFileReference; lastKnownFileType = folder.assetcatalog; path = Assets.xcassets; sourceTree = "<group>"; };
		3765E7FB20344FE000AE8E2B /* Base */ = {isa = PBXFileReference; lastKnownFileType = file.storyboard; name = Base; path = Base.lproj/LaunchScreen.storyboard; sourceTree = "<group>"; };
		3765E7FD20344FE000AE8E2B /* Info.plist */ = {isa = PBXFileReference; lastKnownFileType = text.plist.xml; path = Info.plist; sourceTree = "<group>"; };
		3791C050203EDCB40070311A /* RoundedButton.swift */ = {isa = PBXFileReference; lastKnownFileType = sourcecode.swift; path = RoundedButton.swift; sourceTree = "<group>"; };
		37CB65942034518E00FA2F54 /* SlackChat-Bridging-Header.h */ = {isa = PBXFileReference; lastKnownFileType = sourcecode.c.h; path = "SlackChat-Bridging-Header.h"; sourceTree = "<group>"; };
		37CB65952034518F00FA2F54 /* SWRevealViewController.m */ = {isa = PBXFileReference; fileEncoding = 4; lastKnownFileType = sourcecode.c.objc; path = SWRevealViewController.m; sourceTree = "<group>"; };
		37CB65962034518F00FA2F54 /* SWRevealViewController.h */ = {isa = PBXFileReference; fileEncoding = 4; lastKnownFileType = sourcecode.c.h; path = SWRevealViewController.h; sourceTree = "<group>"; };
		37CB659B20348F3D00FA2F54 /* ChatVC.swift */ = {isa = PBXFileReference; lastKnownFileType = sourcecode.swift; path = ChatVC.swift; sourceTree = "<group>"; };
		37CB659D20348F6B00FA2F54 /* ChannelVC.swift */ = {isa = PBXFileReference; lastKnownFileType = sourcecode.swift; path = ChannelVC.swift; sourceTree = "<group>"; };
		37CB659F2034D82D00FA2F54 /* GradientView.swift */ = {isa = PBXFileReference; lastKnownFileType = sourcecode.swift; path = GradientView.swift; sourceTree = "<group>"; };
		37FE64DA2036E43D00EFD231 /* Constants.swift */ = {isa = PBXFileReference; lastKnownFileType = sourcecode.swift; path = Constants.swift; sourceTree = "<group>"; };
		5FC809FC099DFFC74B29ED26 /* Pods-SlackChat.release.xcconfig */ = {isa = PBXFileReference; includeInIndex = 1; lastKnownFileType = text.xcconfig; name = "Pods-SlackChat.release.xcconfig"; path = "Pods/Target Support Files/Pods-SlackChat/Pods-SlackChat.release.xcconfig"; sourceTree = "<group>"; };
/* End PBXFileReference section */

/* Begin PBXFrameworksBuildPhase section */
		3765E7EB20344FE000AE8E2B /* Frameworks */ = {
			isa = PBXFrameworksBuildPhase;
			buildActionMask = 2147483647;
			files = (
				F25F1182965E67D2075E45A0 /* Pods_SlackChat.framework in Frameworks */,
			);
			runOnlyForDeploymentPostprocessing = 0;
		};
/* End PBXFrameworksBuildPhase section */

/* Begin PBXGroup section */
		10AB3799DE8B3ADB137DBD3B /* Frameworks */ = {
			isa = PBXGroup;
			children = (
				0CC3D57D28FBD7AD623125E9 /* Pods_SlackChat.framework */,
			);
			name = Frameworks;
			sourceTree = "<group>";
		};
		37303574203DA49900506C13 /* Services */ = {
			isa = PBXGroup;
			children = (
				37303575203DA4B000506C13 /* AuthService.swift */,
			);
			path = Services;
			sourceTree = "<group>";
		};
		3765E7E520344FE000AE8E2B = {
			isa = PBXGroup;
			children = (
				3765E7F020344FE000AE8E2B /* SlackChat */,
				3765E7EF20344FE000AE8E2B /* Products */,
				9C63DB3C07B09414891E1259 /* Pods */,
				10AB3799DE8B3ADB137DBD3B /* Frameworks */,
			);
			sourceTree = "<group>";
		};
		3765E7EF20344FE000AE8E2B /* Products */ = {
			isa = PBXGroup;
			children = (
				3765E7EE20344FE000AE8E2B /* SlackChat.app */,
			);
			name = Products;
			sourceTree = "<group>";
		};
		3765E7F020344FE000AE8E2B /* SlackChat */ = {
			isa = PBXGroup;
			children = (
				37303574203DA49900506C13 /* Services */,
				37FE64D92036E42300EFD231 /* Utilities */,
				37CB659A20348EAD00FA2F54 /* Controller */,
				37CB659920348EA700FA2F54 /* View */,
				37CB659820348E9E00FA2F54 /* Model */,
				37CB65932034514300FA2F54 /* Supporting Files */,
				3765E7F120344FE000AE8E2B /* AppDelegate.swift */,
				3765E7F520344FE000AE8E2B /* Main.storyboard */,
				3765E7F820344FE000AE8E2B /* Assets.xcassets */,
				3765E7FA20344FE000AE8E2B /* LaunchScreen.storyboard */,
				3765E7FD20344FE000AE8E2B /* Info.plist */,
			);
			path = SlackChat;
			sourceTree = "<group>";
		};
		37CB65932034514300FA2F54 /* Supporting Files */ = {
			isa = PBXGroup;
			children = (
				37CB65962034518F00FA2F54 /* SWRevealViewController.h */,
				37CB65952034518F00FA2F54 /* SWRevealViewController.m */,
				37CB65942034518E00FA2F54 /* SlackChat-Bridging-Header.h */,
			);
			path = "Supporting Files";
			sourceTree = "<group>";
		};
		37CB659820348E9E00FA2F54 /* Model */ = {
			isa = PBXGroup;
			children = (
			);
			path = Model;
			sourceTree = "<group>";
		};
		37CB659920348EA700FA2F54 /* View */ = {
			isa = PBXGroup;
			children = (
				37CB659F2034D82D00FA2F54 /* GradientView.swift */,
				3791C050203EDCB40070311A /* RoundedButton.swift */,
			);
			path = View;
			sourceTree = "<group>";
		};
		37CB659A20348EAD00FA2F54 /* Controller */ = {
			isa = PBXGroup;
			children = (
				37CB659B20348F3D00FA2F54 /* ChatVC.swift */,
				37CB659D20348F6B00FA2F54 /* ChannelVC.swift */,
				370EDEFE20372ECC00A0E073 /* LoginVC.swift */,
				370EDF002037348700A0E073 /* SignUpVC.swift */,
			);
			path = Controller;
			sourceTree = "<group>";
		};
		37FE64D92036E42300EFD231 /* Utilities */ = {
			isa = PBXGroup;
			children = (
				37FE64DA2036E43D00EFD231 /* Constants.swift */,
			);
			path = Utilities;
			sourceTree = "<group>";
		};
		9C63DB3C07B09414891E1259 /* Pods */ = {
			isa = PBXGroup;
			children = (
				25BB84025AE9C553A03E5183 /* Pods-SlackChat.debug.xcconfig */,
				5FC809FC099DFFC74B29ED26 /* Pods-SlackChat.release.xcconfig */,
			);
			name = Pods;
			sourceTree = "<group>";
		};
/* End PBXGroup section */

/* Begin PBXNativeTarget section */
		3765E7ED20344FE000AE8E2B /* SlackChat */ = {
			isa = PBXNativeTarget;
			buildConfigurationList = 3765E80020344FE000AE8E2B /* Build configuration list for PBXNativeTarget "SlackChat" */;
			buildPhases = (
				42408B8657643376EA758AC3 /* [CP] Check Pods Manifest.lock */,
				3765E7EA20344FE000AE8E2B /* Sources */,
				3765E7EB20344FE000AE8E2B /* Frameworks */,
				3765E7EC20344FE000AE8E2B /* Resources */,
				F795E6285B5230AB9D265622 /* [CP] Embed Pods Frameworks */,
				A20DE7EBC11D7164C7DF4546 /* [CP] Copy Pods Resources */,
			);
			buildRules = (
			);
			dependencies = (
			);
			name = SlackChat;
			productName = SlackChat;
			productReference = 3765E7EE20344FE000AE8E2B /* SlackChat.app */;
			productType = "com.apple.product-type.application";
		};
/* End PBXNativeTarget section */

/* Begin PBXProject section */
		3765E7E620344FE000AE8E2B /* Project object */ = {
			isa = PBXProject;
			attributes = {
				LastSwiftUpdateCheck = 0920;
				LastUpgradeCheck = 0920;
				ORGANIZATIONNAME = "Pritom  Mazumder";
				TargetAttributes = {
					3765E7ED20344FE000AE8E2B = {
						CreatedOnToolsVersion = 9.2;
						LastSwiftMigration = 0920;
						ProvisioningStyle = Automatic;
					};
				};
			};
			buildConfigurationList = 3765E7E920344FE000AE8E2B /* Build configuration list for PBXProject "SlackChat" */;
			compatibilityVersion = "Xcode 8.0";
			developmentRegion = en;
			hasScannedForEncodings = 0;
			knownRegions = (
				en,
				Base,
			);
			mainGroup = 3765E7E520344FE000AE8E2B;
			productRefGroup = 3765E7EF20344FE000AE8E2B /* Products */;
			projectDirPath = "";
			projectRoot = "";
			targets = (
				3765E7ED20344FE000AE8E2B /* SlackChat */,
			);
		};
/* End PBXProject section */

/* Begin PBXResourcesBuildPhase section */
		3765E7EC20344FE000AE8E2B /* Resources */ = {
			isa = PBXResourcesBuildPhase;
			buildActionMask = 2147483647;
			files = (
				3765E7FC20344FE000AE8E2B /* LaunchScreen.storyboard in Resources */,
				3765E7F920344FE000AE8E2B /* Assets.xcassets in Resources */,
				3765E7F720344FE000AE8E2B /* Main.storyboard in Resources */,
			);
			runOnlyForDeploymentPostprocessing = 0;
		};
/* End PBXResourcesBuildPhase section */

/* Begin PBXShellScriptBuildPhase section */
		42408B8657643376EA758AC3 /* [CP] Check Pods Manifest.lock */ = {
			isa = PBXShellScriptBuildPhase;
			buildActionMask = 2147483647;
			files = (
			);
			inputPaths = (
				"${PODS_PODFILE_DIR_PATH}/Podfile.lock",
				"${PODS_ROOT}/Manifest.lock",
			);
			name = "[CP] Check Pods Manifest.lock";
			outputPaths = (
				"$(DERIVED_FILE_DIR)/Pods-SlackChat-checkManifestLockResult.txt",
			);
			runOnlyForDeploymentPostprocessing = 0;
			shellPath = /bin/sh;
			shellScript = "diff \"${PODS_PODFILE_DIR_PATH}/Podfile.lock\" \"${PODS_ROOT}/Manifest.lock\" > /dev/null\nif [ $? != 0 ] ; then\n    # print error to STDERR\n    echo \"error: The sandbox is not in sync with the Podfile.lock. Run 'pod install' or update your CocoaPods installation.\" >&2\n    exit 1\nfi\n# This output is used by Xcode 'outputs' to avoid re-running this script phase.\necho \"SUCCESS\" > \"${SCRIPT_OUTPUT_FILE_0}\"\n";
			showEnvVarsInLog = 0;
		};
		A20DE7EBC11D7164C7DF4546 /* [CP] Copy Pods Resources */ = {
			isa = PBXShellScriptBuildPhase;
			buildActionMask = 2147483647;
			files = (
			);
			inputPaths = (
			);
			name = "[CP] Copy Pods Resources";
			outputPaths = (
			);
			runOnlyForDeploymentPostprocessing = 0;
			shellPath = /bin/sh;
			shellScript = "\"${SRCROOT}/Pods/Target Support Files/Pods-SlackChat/Pods-SlackChat-resources.sh\"\n";
			showEnvVarsInLog = 0;
		};
		F795E6285B5230AB9D265622 /* [CP] Embed Pods Frameworks */ = {
			isa = PBXShellScriptBuildPhase;
			buildActionMask = 2147483647;
			files = (
			);
			inputPaths = (
				"${SRCROOT}/Pods/Target Support Files/Pods-SlackChat/Pods-SlackChat-frameworks.sh",
				"${BUILT_PRODUCTS_DIR}/Alamofire/Alamofire.framework",
				"${BUILT_PRODUCTS_DIR}/Socket.IO-Client-Swift/SocketIO.framework",
				"${BUILT_PRODUCTS_DIR}/Starscream/Starscream.framework",
				"${BUILT_PRODUCTS_DIR}/SwiftyJSON/SwiftyJSON.framework",
			);
			name = "[CP] Embed Pods Frameworks";
			outputPaths = (
				"${TARGET_BUILD_DIR}/${FRAMEWORKS_FOLDER_PATH}/Alamofire.framework",
				"${TARGET_BUILD_DIR}/${FRAMEWORKS_FOLDER_PATH}/SocketIO.framework",
				"${TARGET_BUILD_DIR}/${FRAMEWORKS_FOLDER_PATH}/Starscream.framework",
				"${TARGET_BUILD_DIR}/${FRAMEWORKS_FOLDER_PATH}/SwiftyJSON.framework",
			);
			runOnlyForDeploymentPostprocessing = 0;
			shellPath = /bin/sh;
			shellScript = "\"${SRCROOT}/Pods/Target Support Files/Pods-SlackChat/Pods-SlackChat-frameworks.sh\"\n";
			showEnvVarsInLog = 0;
		};
/* End PBXShellScriptBuildPhase section */

/* Begin PBXSourcesBuildPhase section */
		3765E7EA20344FE000AE8E2B /* Sources */ = {
			isa = PBXSourcesBuildPhase;
			buildActionMask = 2147483647;
			files = (
				370EDF012037348700A0E073 /* SignUpVC.swift in Sources */,
				3791C051203EDCB40070311A /* RoundedButton.swift in Sources */,
				37CB659E20348F6B00FA2F54 /* ChannelVC.swift in Sources */,
				37CB659C20348F3D00FA2F54 /* ChatVC.swift in Sources */,
				37303576203DA4B000506C13 /* AuthService.swift in Sources */,
				370EDEFF20372ECC00A0E073 /* LoginVC.swift in Sources */,
				37CB65A02034D82D00FA2F54 /* GradientView.swift in Sources */,
				3765E7F220344FE000AE8E2B /* AppDelegate.swift in Sources */,
				37CB65972034518F00FA2F54 /* SWRevealViewController.m in Sources */,
				37FE64DB2036E43D00EFD231 /* Constants.swift in Sources */,
			);
			runOnlyForDeploymentPostprocessing = 0;
		};
/* End PBXSourcesBuildPhase section */

/* Begin PBXVariantGroup section */
		3765E7F520344FE000AE8E2B /* Main.storyboard */ = {
			isa = PBXVariantGroup;
			children = (
				3765E7F620344FE000AE8E2B /* Base */,
			);
			name = Main.storyboard;
			sourceTree = "<group>";
		};
		3765E7FA20344FE000AE8E2B /* LaunchScreen.storyboard */ = {
			isa = PBXVariantGroup;
			children = (
				3765E7FB20344FE000AE8E2B /* Base */,
			);
			name = LaunchScreen.storyboard;
			sourceTree = "<group>";
		};
/* End PBXVariantGroup section */

/* Begin XCBuildConfiguration section */
		3765E7FE20344FE000AE8E2B /* Debug */ = {
			isa = XCBuildConfiguration;
			buildSettings = {
				ALWAYS_SEARCH_USER_PATHS = NO;
				CLANG_ANALYZER_NONNULL = YES;
				CLANG_ANALYZER_NUMBER_OBJECT_CONVERSION = YES_AGGRESSIVE;
				CLANG_CXX_LANGUAGE_STANDARD = "gnu++14";
				CLANG_CXX_LIBRARY = "libc++";
				CLANG_ENABLE_MODULES = YES;
				CLANG_ENABLE_OBJC_ARC = YES;
				CLANG_WARN_BLOCK_CAPTURE_AUTORELEASING = YES;
				CLANG_WARN_BOOL_CONVERSION = YES;
				CLANG_WARN_COMMA = YES;
				CLANG_WARN_CONSTANT_CONVERSION = YES;
				CLANG_WARN_DIRECT_OBJC_ISA_USAGE = YES_ERROR;
				CLANG_WARN_DOCUMENTATION_COMMENTS = YES;
				CLANG_WARN_EMPTY_BODY = YES;
				CLANG_WARN_ENUM_CONVERSION = YES;
				CLANG_WARN_INFINITE_RECURSION = YES;
				CLANG_WARN_INT_CONVERSION = YES;
				CLANG_WARN_NON_LITERAL_NULL_CONVERSION = YES;
				CLANG_WARN_OBJC_LITERAL_CONVERSION = YES;
				CLANG_WARN_OBJC_ROOT_CLASS = YES_ERROR;
				CLANG_WARN_RANGE_LOOP_ANALYSIS = YES;
				CLANG_WARN_STRICT_PROTOTYPES = YES;
				CLANG_WARN_SUSPICIOUS_MOVE = YES;
				CLANG_WARN_UNGUARDED_AVAILABILITY = YES_AGGRESSIVE;
				CLANG_WARN_UNREACHABLE_CODE = YES;
				CLANG_WARN__DUPLICATE_METHOD_MATCH = YES;
				CODE_SIGN_IDENTITY = "iPhone Developer";
				COPY_PHASE_STRIP = NO;
				DEBUG_INFORMATION_FORMAT = dwarf;
				ENABLE_STRICT_OBJC_MSGSEND = YES;
				ENABLE_TESTABILITY = YES;
				GCC_C_LANGUAGE_STANDARD = gnu11;
				GCC_DYNAMIC_NO_PIC = NO;
				GCC_NO_COMMON_BLOCKS = YES;
				GCC_OPTIMIZATION_LEVEL = 0;
				GCC_PREPROCESSOR_DEFINITIONS = (
					"DEBUG=1",
					"$(inherited)",
				);
				GCC_WARN_64_TO_32_BIT_CONVERSION = YES;
				GCC_WARN_ABOUT_RETURN_TYPE = YES_ERROR;
				GCC_WARN_UNDECLARED_SELECTOR = YES;
				GCC_WARN_UNINITIALIZED_AUTOS = YES_AGGRESSIVE;
				GCC_WARN_UNUSED_FUNCTION = YES;
				GCC_WARN_UNUSED_VARIABLE = YES;
				IPHONEOS_DEPLOYMENT_TARGET = 11.2;
				MTL_ENABLE_DEBUG_INFO = YES;
				ONLY_ACTIVE_ARCH = YES;
				SDKROOT = iphoneos;
				SWIFT_ACTIVE_COMPILATION_CONDITIONS = DEBUG;
				SWIFT_OPTIMIZATION_LEVEL = "-Onone";
			};
			name = Debug;
		};
		3765E7FF20344FE000AE8E2B /* Release */ = {
			isa = XCBuildConfiguration;
			buildSettings = {
				ALWAYS_SEARCH_USER_PATHS = NO;
				CLANG_ANALYZER_NONNULL = YES;
				CLANG_ANALYZER_NUMBER_OBJECT_CONVERSION = YES_AGGRESSIVE;
				CLANG_CXX_LANGUAGE_STANDARD = "gnu++14";
				CLANG_CXX_LIBRARY = "libc++";
				CLANG_ENABLE_MODULES = YES;
				CLANG_ENABLE_OBJC_ARC = YES;
				CLANG_WARN_BLOCK_CAPTURE_AUTORELEASING = YES;
				CLANG_WARN_BOOL_CONVERSION = YES;
				CLANG_WARN_COMMA = YES;
				CLANG_WARN_CONSTANT_CONVERSION = YES;
				CLANG_WARN_DIRECT_OBJC_ISA_USAGE = YES_ERROR;
				CLANG_WARN_DOCUMENTATION_COMMENTS = YES;
				CLANG_WARN_EMPTY_BODY = YES;
				CLANG_WARN_ENUM_CONVERSION = YES;
				CLANG_WARN_INFINITE_RECURSION = YES;
				CLANG_WARN_INT_CONVERSION = YES;
				CLANG_WARN_NON_LITERAL_NULL_CONVERSION = YES;
				CLANG_WARN_OBJC_LITERAL_CONVERSION = YES;
				CLANG_WARN_OBJC_ROOT_CLASS = YES_ERROR;
				CLANG_WARN_RANGE_LOOP_ANALYSIS = YES;
				CLANG_WARN_STRICT_PROTOTYPES = YES;
				CLANG_WARN_SUSPICIOUS_MOVE = YES;
				CLANG_WARN_UNGUARDED_AVAILABILITY = YES_AGGRESSIVE;
				CLANG_WARN_UNREACHABLE_CODE = YES;
				CLANG_WARN__DUPLICATE_METHOD_MATCH = YES;
				CODE_SIGN_IDENTITY = "iPhone Developer";
				COPY_PHASE_STRIP = NO;
				DEBUG_INFORMATION_FORMAT = "dwarf-with-dsym";
				ENABLE_NS_ASSERTIONS = NO;
				ENABLE_STRICT_OBJC_MSGSEND = YES;
				GCC_C_LANGUAGE_STANDARD = gnu11;
				GCC_NO_COMMON_BLOCKS = YES;
				GCC_WARN_64_TO_32_BIT_CONVERSION = YES;
				GCC_WARN_ABOUT_RETURN_TYPE = YES_ERROR;
				GCC_WARN_UNDECLARED_SELECTOR = YES;
				GCC_WARN_UNINITIALIZED_AUTOS = YES_AGGRESSIVE;
				GCC_WARN_UNUSED_FUNCTION = YES;
				GCC_WARN_UNUSED_VARIABLE = YES;
				IPHONEOS_DEPLOYMENT_TARGET = 11.2;
				MTL_ENABLE_DEBUG_INFO = NO;
				SDKROOT = iphoneos;
				SWIFT_OPTIMIZATION_LEVEL = "-Owholemodule";
				VALIDATE_PRODUCT = YES;
			};
			name = Release;
		};
		3765E80120344FE000AE8E2B /* Debug */ = {
			isa = XCBuildConfiguration;
			baseConfigurationReference = 25BB84025AE9C553A03E5183 /* Pods-SlackChat.debug.xcconfig */;
			buildSettings = {
				ASSETCATALOG_COMPILER_APPICON_NAME = AppIcon;
				CLANG_ENABLE_MODULES = YES;
				CODE_SIGN_STYLE = Automatic;
				DEVELOPMENT_TEAM = 9BXY7WD86A;
				INFOPLIST_FILE = SlackChat/Info.plist;
				LD_RUNPATH_SEARCH_PATHS = "$(inherited) @executable_path/Frameworks";
				PRODUCT_BUNDLE_IDENTIFIER = com.pritommazumder.SlackChat;
				PRODUCT_NAME = "$(TARGET_NAME)";
				SWIFT_OBJC_BRIDGING_HEADER = "SlackChat/Supporting Files/SlackChat-Bridging-Header.h";
				SWIFT_OPTIMIZATION_LEVEL = "-Onone";
				SWIFT_VERSION = 4.0;
				TARGETED_DEVICE_FAMILY = "1,2";
			};
			name = Debug;
		};
		3765E80220344FE000AE8E2B /* Release */ = {
			isa = XCBuildConfiguration;
			baseConfigurationReference = 5FC809FC099DFFC74B29ED26 /* Pods-SlackChat.release.xcconfig */;
			buildSettings = {
				ASSETCATALOG_COMPILER_APPICON_NAME = AppIcon;
				CLANG_ENABLE_MODULES = YES;
				CODE_SIGN_STYLE = Automatic;
				DEVELOPMENT_TEAM = 9BXY7WD86A;
				INFOPLIST_FILE = SlackChat/Info.plist;
				LD_RUNPATH_SEARCH_PATHS = "$(inherited) @executable_path/Frameworks";
				PRODUCT_BUNDLE_IDENTIFIER = com.pritommazumder.SlackChat;
				PRODUCT_NAME = "$(TARGET_NAME)";
				SWIFT_OBJC_BRIDGING_HEADER = "SlackChat/Supporting Files/SlackChat-Bridging-Header.h";
				SWIFT_VERSION = 4.0;
				TARGETED_DEVICE_FAMILY = "1,2";
			};
			name = Release;
		};
/* End XCBuildConfiguration section */

/* Begin XCConfigurationList section */
		3765E7E920344FE000AE8E2B /* Build configuration list for PBXProject "SlackChat" */ = {
			isa = XCConfigurationList;
			buildConfigurations = (
				3765E7FE20344FE000AE8E2B /* Debug */,
				3765E7FF20344FE000AE8E2B /* Release */,
			);
			defaultConfigurationIsVisible = 0;
			defaultConfigurationName = Release;
		};
		3765E80020344FE000AE8E2B /* Build configuration list for PBXNativeTarget "SlackChat" */ = {
			isa = XCConfigurationList;
			buildConfigurations = (
				3765E80120344FE000AE8E2B /* Debug */,
				3765E80220344FE000AE8E2B /* Release */,
			);
			defaultConfigurationIsVisible = 0;
			defaultConfigurationName = Release;
		};
/* End XCConfigurationList section */
	};
	rootObject = 3765E7E620344FE000AE8E2B /* Project object */;
}
